
Microsoft Visual Studio Solution File, Format Version 12.00
# Visual Studio Version 16
VisualStudioVersion = 16.0.32510.428
MinimumVisualStudioVersion = 10.0.40219.1
Project("{FAE04EC0-301F-11D3-BF4B-00C04F79EFBC}") = "BattleShip_WPF", "BattleShip_WPF\BattleShip_WPF.csproj", "{D027A37D-17EC-46AF-8780-B2A2A460398C}"
EndProject
Global
	GlobalSection(SolutionConfigurationPlatforms) = preSolution
		Debug|Any CPU = Debug|Any CPU
		Release|Any CPU = Release|Any CPU
	EndGlobalSection
	GlobalSection(ProjectConfigurationPlatforms) = postSolution
		{D027A37D-17EC-46AF-8780-B2A2A460398C}.Debug|Any CPU.ActiveCfg = Debug|Any CPU
		{D027A37D-17EC-46AF-8780-B2A2A460398C}.Debug|Any CPU.Build.0 = Debug|Any CPU
		{D027A37D-17EC-46AF-8780-B2A2A460398C}.Release|Any CPU.ActiveCfg = Release|Any CPU
		{D027A37D-17EC-46AF-8780-B2A2A460398C}.Release|Any CPU.Build.0 = Release|Any CPU
	EndGlobalSection
	GlobalSection(SolutionProperties) = preSolution
		HideSolutionNode = FALSE
	EndGlobalSection
	GlobalSection(ExtensibilityGlobals) = postSolution
		SolutionGuid = {99ECBDB9-D4AE-4B4B-AA42-26A04BF04B8C}
	EndGlobalSection
EndGlobal
